
Microsoft Visual Studio Solution File, Format Version 12.00
# Visual Studio Version 17
VisualStudioVersion = 17.3.32929.385
MinimumVisualStudioVersion = 10.0.40219.1
Project("{FAE04EC0-301F-11D3-BF4B-00C04F79EFBC}") = "kosullar", "kosullar.csproj", "{CD7149C6-B943-4A22-BC16-7F5F549CBE3C}"
EndProject
Project("{FAE04EC0-301F-11D3-BF4B-00C04F79EFBC}") = "donguler", "..\donguler\donguler.csproj", "{82190A91-6A33-4EE6-9C6D-B1DF6C866E1C}"
EndProject
Project("{FAE04EC0-301F-11D3-BF4B-00C04F79EFBC}") = "classİntro", "..\classİntro\classİntro.csproj", "{758E88CB-AC4F-4F00-89FA-59FB5340A732}"
EndProject
Project("{FAE04EC0-301F-11D3-BF4B-00C04F79EFBC}") = "Metotlar", "..\Metotlar\Metotlar.csproj", "{E60713E3-FE7E-4882-9100-E6CF40EB0CBC}"
EndProject
Project("{FAE04EC0-301F-11D3-BF4B-00C04F79EFBC}") = "Matematik", "..\Matematik\Matematik.csproj", "{F049CE81-B779-4534-B735-75506EBBA8FE}"
EndProject
Project("{FAE04EC0-301F-11D3-BF4B-00C04F79EFBC}") = "DegerVeReferansTipler", "..\DegerVeReferansTipler\DegerVeReferansTipler.csproj", "{E71D7362-3059-4EF6-97C3-9FCC5E94B516}"
EndProject
Global
	GlobalSection(SolutionConfigurationPlatforms) = preSolution
		Debug|Any CPU = Debug|Any CPU
		Release|Any CPU = Release|Any CPU
	EndGlobalSection
	GlobalSection(ProjectConfigurationPlatforms) = postSolution
		{CD7149C6-B943-4A22-BC16-7F5F549CBE3C}.Debug|Any CPU.ActiveCfg = Debug|Any CPU
		{CD7149C6-B943-4A22-BC16-7F5F549CBE3C}.Debug|Any CPU.Build.0 = Debug|Any CPU
		{CD7149C6-B943-4A22-BC16-7F5F549CBE3C}.Release|Any CPU.ActiveCfg = Release|Any CPU
		{CD7149C6-B943-4A22-BC16-7F5F549CBE3C}.Release|Any CPU.Build.0 = Release|Any CPU
		{82190A91-6A33-4EE6-9C6D-B1DF6C866E1C}.Debug|Any CPU.ActiveCfg = Debug|Any CPU
		{82190A91-6A33-4EE6-9C6D-B1DF6C866E1C}.Debug|Any CPU.Build.0 = Debug|Any CPU
		{82190A91-6A33-4EE6-9C6D-B1DF6C866E1C}.Release|Any CPU.ActiveCfg = Release|Any CPU
		{82190A91-6A33-4EE6-9C6D-B1DF6C866E1C}.Release|Any CPU.Build.0 = Release|Any CPU
		{758E88CB-AC4F-4F00-89FA-59FB5340A732}.Debug|Any CPU.ActiveCfg = Debug|Any CPU
		{758E88CB-AC4F-4F00-89FA-59FB5340A732}.Debug|Any CPU.Build.0 = Debug|Any CPU
		{758E88CB-AC4F-4F00-89FA-59FB5340A732}.Release|Any CPU.ActiveCfg = Release|Any CPU
		{758E88CB-AC4F-4F00-89FA-59FB5340A732}.Release|Any CPU.Build.0 = Release|Any CPU
		{E60713E3-FE7E-4882-9100-E6CF40EB0CBC}.Debug|Any CPU.ActiveCfg = Debug|Any CPU
		{E60713E3-FE7E-4882-9100-E6CF40EB0CBC}.Debug|Any CPU.Build.0 = Debug|Any CPU
		{E60713E3-FE7E-4882-9100-E6CF40EB0CBC}.Release|Any CPU.ActiveCfg = Release|Any CPU
		{E60713E3-FE7E-4882-9100-E6CF40EB0CBC}.Release|Any CPU.Build.0 = Release|Any CPU
		{F049CE81-B779-4534-B735-75506EBBA8FE}.Debug|Any CPU.ActiveCfg = Debug|Any CPU
		{F049CE81-B779-4534-B735-75506EBBA8FE}.Debug|Any CPU.Build.0 = Debug|Any CPU
		{F049CE81-B779-4534-B735-75506EBBA8FE}.Release|Any CPU.ActiveCfg = Release|Any CPU
		{F049CE81-B779-4534-B735-75506EBBA8FE}.Release|Any CPU.Build.0 = Release|Any CPU
		{E71D7362-3059-4EF6-97C3-9FCC5E94B516}.Debug|Any CPU.ActiveCfg = Debug|Any CPU
		{E71D7362-3059-4EF6-97C3-9FCC5E94B516}.Debug|Any CPU.Build.0 = Debug|Any CPU
		{E71D7362-3059-4EF6-97C3-9FCC5E94B516}.Release|Any CPU.ActiveCfg = Release|Any CPU
		{E71D7362-3059-4EF6-97C3-9FCC5E94B516}.Release|Any CPU.Build.0 = Release|Any CPU
	EndGlobalSection
	GlobalSection(SolutionProperties) = preSolution
		HideSolutionNode = FALSE
	EndGlobalSection
	GlobalSection(ExtensibilityGlobals) = postSolution
		SolutionGuid = {664DD618-E545-4CEF-A9AF-FD86D76833FE}
	EndGlobalSection
EndGlobal
